<?xml version="1.0" encoding="utf-8"?>
<Project ToolsVersion="4.0" xmlns="http://schemas.microsoft.com/developer/msbuild/2003">
  <ItemGroup>
    <ClCompile Include="jni\Main.cpp">
      <Filter>jni</Filter>
    </ClCompile>
    <ClCompile Include="jni\Logger.cpp">
      <Filter>jni</Filter>
    </ClCompile>
    <ClCompile Include="Window.cpp" />
    <ClCompile Include="jni\Components\BaseComponent.cpp" />
    <ClCompile Include="jni\Components\CircleColliderComponent.cpp" />
    <ClCompile Include="jni\Components\RectangleColliderComponent.cpp" />
    <ClCompile Include="jni\SceneManaging\BaseScene.cpp" />
    <ClCompile Include="jni\SceneManaging\SceneManager.cpp" />
    <ClCompile Include="jni\MainGame.cpp" />
    <ClCompile Include="jni\TestScene.cpp" />
    <ClCompile Include="jni\TimeManager.cpp" />
    <ClCompile Include="jni\Helpers\glm\core\dummy.cpp" />
    <ClCompile Include="jni\Components\TransformComponent.cpp" />
    <ClCompile Include="jni\SceneGraph\Object.cpp" />
    <ClCompile Include="jni\AssetManaging\Texture2D.cpp" />
    <ClCompile Include="jni\AssetManaging\TextureManager.cpp" />
  </ItemGroup>
  <ItemGroup>
    <ClInclude Include="Console.h" />
    <ClInclude Include="jni\defines.h">
      <Filter>jni</Filter>
    </ClInclude>
    <ClInclude Include="jni\Logger.h">
      <Filter>jni</Filter>
    </ClInclude>
    <ClInclude Include="Window.h" />
    <ClInclude Include="jni\Components\BaseComponent.h" />
    <ClInclude Include="jni\Components\CircleColliderComponent.h" />
    <ClInclude Include="jni\Components\RectangleColliderComponent.h" />
    <ClInclude Include="jni\SceneManaging\BaseScene.h" />
    <ClInclude Include="jni\SceneManaging\SceneManager.h" />
    <ClInclude Include="jni\MainGame.h" />
    <ClInclude Include="jni\TestScene.h" />
    <ClInclude Include="jni\TimeManager.h" />
    <ClInclude Include="jni\Context.h" />
    <ClInclude Include="jni\Helpers\glm\glm.h" />
    <ClInclude Include="jni\Helpers\glm\core\_detail.hpp" />
    <ClInclude Include="jni\Helpers\glm\core\_fixes.hpp" />
    <ClInclude Include="jni\Helpers\glm\core\_swizzle.hpp" />
    <ClInclude Include="jni\Helpers\glm\core\_swizzle_func.hpp" />
    <ClInclude Include="jni\Helpers\glm\core\_vectorize.hpp" />
    <ClInclude Include="jni\Helpers\glm\core\func_common.hpp" />
    <ClInclude Include="jni\Helpers\glm\core\func_exponential.hpp" />
    <ClInclude Include="jni\Helpers\glm\core\func_geometric.hpp" />
    <ClInclude Include="jni\Helpers\glm\core\func_integer.hpp" />
    <ClInclude Include="jni\Helpers\glm\core\func_matrix.hpp" />
    <ClInclude Include="jni\Helpers\glm\core\func_noise.hpp" />
    <ClInclude Include="jni\Helpers\glm\core\func_packing.hpp" />
    <ClInclude Include="jni\Helpers\glm\core\func_trigonometric.hpp" />
    <ClInclude Include="jni\Helpers\glm\core\func_vector_relational.hpp" />
    <ClInclude Include="jni\Helpers\glm\core\hint.hpp" />
    <ClInclude Include="jni\Helpers\glm\core\intrinsic_common.hpp" />
    <ClInclude Include="jni\Helpers\glm\core\intrinsic_exponential.hpp" />
    <ClInclude Include="jni\Helpers\glm\core\intrinsic_geometric.hpp" />
    <ClInclude Include="jni\Helpers\glm\core\intrinsic_matrix.hpp" />
    <ClInclude Include="jni\Helpers\glm\core\intrinsic_trigonometric.hpp" />
    <ClInclude Include="jni\Helpers\glm\core\intrinsic_vector_relational.hpp" />
    <ClInclude Include="jni\Helpers\glm\core\setup.hpp" />
    <ClInclude Include="jni\Helpers\glm\core\type.hpp" />
    <ClInclude Include="jni\Helpers\glm\core\type_float.hpp" />
    <ClInclude Include="jni\Helpers\glm\core\type_gentype.hpp" />
    <ClInclude Include="jni\Helpers\glm\core\type_half.hpp" />
    <ClInclude Include="jni\Helpers\glm\core\type_int.hpp" />
    <ClInclude Include="jni\Helpers\glm\core\type_mat.hpp" />
    <ClInclude Include="jni\Helpers\glm\core\type_mat2x2.hpp" />
    <ClInclude Include="jni\Helpers\glm\core\type_mat2x3.hpp" />
    <ClInclude Include="jni\Helpers\glm\core\type_mat2x4.hpp" />
    <ClInclude Include="jni\Helpers\glm\core\type_mat3x2.hpp" />
    <ClInclude Include="jni\Helpers\glm\core\type_mat3x3.hpp" />
    <ClInclude Include="jni\Helpers\glm\core\type_mat3x4.hpp" />
    <ClInclude Include="jni\Helpers\glm\core\type_mat4x2.hpp" />
    <ClInclude Include="jni\Helpers\glm\core\type_mat4x3.hpp" />
    <ClInclude Include="jni\Helpers\glm\core\type_mat4x4.hpp" />
    <ClInclude Include="jni\Helpers\glm\core\type_size.hpp" />
    <ClInclude Include="jni\Helpers\glm\core\type_vec.hpp" />
    <ClInclude Include="jni\Helpers\glm\core\type_vec1.hpp" />
    <ClInclude Include="jni\Helpers\glm\core\type_vec2.hpp" />
    <ClInclude Include="jni\Helpers\glm\core\type_vec3.hpp" />
    <ClInclude Include="jni\Helpers\glm\core\type_vec4.hpp" />
    <ClInclude Include="jni\Helpers\Rect.h" />
    <ClInclude Include="jni\Components\TransformComponent.h" />
    <ClInclude Include="jni\Helpers\glm\ext.hpp" />
    <ClInclude Include="jni\Helpers\glm\gtc\constants.hpp" />
    <ClInclude Include="jni\Helpers\glm\gtc\epsilon.hpp" />
    <ClInclude Include="jni\Helpers\glm\gtc\half_float.hpp" />
    <ClInclude Include="jni\Helpers\glm\gtc\matrix_access.hpp" />
    <ClInclude Include="jni\Helpers\glm\gtc\matrix_integer.hpp" />
    <ClInclude Include="jni\Helpers\glm\gtc\matrix_inverse.hpp" />
    <ClInclude Include="jni\Helpers\glm\gtc\matrix_transform.hpp" />
    <ClInclude Include="jni\Helpers\glm\gtc\noise.hpp" />
    <ClInclude Include="jni\Helpers\glm\gtc\quaternion.hpp" />
    <ClInclude Include="jni\Helpers\glm\gtc\random.hpp" />
    <ClInclude Include="jni\Helpers\glm\gtc\reciprocal.hpp" />
    <ClInclude Include="jni\Helpers\glm\gtc\swizzle.hpp" />
    <ClInclude Include="jni\Helpers\glm\gtc\type_precision.hpp" />
    <ClInclude Include="jni\Helpers\glm\gtc\type_ptr.hpp" />
    <ClInclude Include="jni\Helpers\glm\gtc\ulp.hpp" />
    <ClInclude Include="jni\Helpers\glm\gtx\associated_min_max.hpp" />
    <ClInclude Include="jni\Helpers\glm\gtx\bit.hpp" />
    <ClInclude Include="jni\Helpers\glm\gtx\closest_point.hpp" />
    <ClInclude Include="jni\Helpers\glm\gtx\color_cast.hpp" />
    <ClInclude Include="jni\Helpers\glm\gtx\color_space.hpp" />
    <ClInclude Include="jni\Helpers\glm\gtx\color_space_YCoCg.hpp" />
    <ClInclude Include="jni\Helpers\glm\gtx\compatibility.hpp" />
    <ClInclude Include="jni\Helpers\glm\gtx\component_wise.hpp" />
    <ClInclude Include="jni\Helpers\glm\gtx\constants.hpp" />
    <ClInclude Include="jni\Helpers\glm\gtx\epsilon.hpp" />
    <ClInclude Include="jni\Helpers\glm\gtx\euler_angles.hpp" />
    <ClInclude Include="jni\Helpers\glm\gtx\extend.hpp" />
    <ClInclude Include="jni\Helpers\glm\gtx\extented_min_max.hpp" />
    <ClInclude Include="jni\Helpers\glm\gtx\fast_exponential.hpp" />
    <ClInclude Include="jni\Helpers\glm\gtx\fast_square_root.hpp" />
    <ClInclude Include="jni\Helpers\glm\gtx\fast_trigonometry.hpp" />
    <ClInclude Include="jni\Helpers\glm\gtx\gradient_paint.hpp" />
    <ClInclude Include="jni\Helpers\glm\gtx\handed_coordinate_space.hpp" />
    <ClInclude Include="jni\Helpers\glm\gtx\inertia.hpp" />
    <ClInclude Include="jni\Helpers\glm\gtx\int_10_10_10_2.hpp" />
    <ClInclude Include="jni\Helpers\glm\gtx\integer.hpp" />
    <ClInclude Include="jni\Helpers\glm\gtx\intersect.hpp" />
    <ClInclude Include="jni\Helpers\glm\gtx\log_base.hpp" />
    <ClInclude Include="jni\Helpers\glm\gtx\matrix_cross_product.hpp" />
    <ClInclude Include="jni\Helpers\glm\gtx\matrix_interpolation.hpp" />
    <ClInclude Include="jni\Helpers\glm\gtx\matrix_major_storage.hpp" />
    <ClInclude Include="jni\Helpers\glm\gtx\matrix_operation.hpp" />
    <ClInclude Include="jni\Helpers\glm\gtx\matrix_query.hpp" />
    <ClInclude Include="jni\Helpers\glm\gtx\mixed_product.hpp" />
    <ClInclude Include="jni\Helpers\glm\gtx\multiple.hpp" />
    <ClInclude Include="jni\Helpers\glm\gtx\noise.hpp" />
    <ClInclude Include="jni\Helpers\glm\gtx\norm.hpp" />
    <ClInclude Include="jni\Helpers\glm\gtx\normal.hpp" />
    <ClInclude Include="jni\Helpers\glm\gtx\normalize_dot.hpp" />
    <ClInclude Include="jni\Helpers\glm\gtx\number_precision.hpp" />
    <ClInclude Include="jni\Helpers\glm\gtx\ocl_type.hpp" />
    <ClInclude Include="jni\Helpers\glm\gtx\optimum_pow.hpp" />
    <ClInclude Include="jni\Helpers\glm\gtx\orthonormalize.hpp" />
    <ClInclude Include="jni\Helpers\glm\gtx\perpendicular.hpp" />
    <ClInclude Include="jni\Helpers\glm\gtx\polar_coordinates.hpp" />
    <ClInclude Include="jni\Helpers\glm\gtx\projection.hpp" />
    <ClInclude Include="jni\Helpers\glm\gtx\quaternion.hpp" />
    <ClInclude Include="jni\Helpers\glm\gtx\random.hpp" />
    <ClInclude Include="jni\Helpers\glm\gtx\raw_data.hpp" />
    <ClInclude Include="jni\Helpers\glm\gtx\reciprocal.hpp" />
    <ClInclude Include="jni\Helpers\glm\gtx\rotate_vector.hpp" />
    <ClInclude Include="jni\Helpers\glm\gtx\simd_mat4.hpp" />
    <ClInclude Include="jni\Helpers\glm\gtx\simd_vec4.hpp" />
    <ClInclude Include="jni\Helpers\glm\gtx\spline.hpp" />
    <ClInclude Include="jni\Helpers\glm\gtx\std_based_type.hpp" />
    <ClInclude Include="jni\Helpers\glm\gtx\string_cast.hpp" />
    <ClInclude Include="jni\Helpers\glm\gtx\transform.hpp" />
    <ClInclude Include="jni\Helpers\glm\gtx\transform2.hpp" />
    <ClInclude Include="jni\Helpers\glm\gtx\ulp.hpp" />
    <ClInclude Include="jni\Helpers\glm\gtx\unsigned_int.hpp" />
    <ClInclude Include="jni\Helpers\glm\gtx\vec1.hpp" />
    <ClInclude Include="jni\Helpers\glm\gtx\vector_access.hpp" />
    <ClInclude Include="jni\Helpers\glm\gtx\vector_angle.hpp" />
    <ClInclude Include="jni\Helpers\glm\gtx\vector_query.hpp" />
    <ClInclude Include="jni\Helpers\glm\gtx\verbose_operator.hpp" />
    <ClInclude Include="jni\Helpers\glm\gtx\wrap.hpp" />
    <ClInclude Include="jni\Helpers\glm\virtrev\xstream.hpp" />
    <ClInclude Include="jni\SceneGraph\Object.h" />
    <ClInclude Include="jni\StarComponents.h" />
    <ClInclude Include="jni\AssetManaging\Texture2D.h" />
    <ClInclude Include="jni\AssetManaging\TextureManager.h" />
  </ItemGroup>
  <ItemGroup>
    <Filter Include="jni">
      <UniqueIdentifier>{c18dc5b4-841b-4e7b-bd51-2dc7897152d9}</UniqueIdentifier>
    </Filter>
  </ItemGroup>
  <ItemGroup>
    <None Include="jni\Helpers\glm\core\func_common.inl" />
    <None Include="jni\Helpers\glm\core\func_exponential.inl" />
    <None Include="jni\Helpers\glm\core\func_geometric.inl" />
    <None Include="jni\Helpers\glm\core\func_integer.inl" />
    <None Include="jni\Helpers\glm\core\func_matrix.inl" />
    <None Include="jni\Helpers\glm\core\func_noise.inl" />
    <None Include="jni\Helpers\glm\core\func_packing.inl" />
    <None Include="jni\Helpers\glm\core\func_trigonometric.inl" />
    <None Include="jni\Helpers\glm\core\func_vector_relational.inl" />
    <None Include="jni\Helpers\glm\core\intrinsic_common.inl" />
    <None Include="jni\Helpers\glm\core\intrinsic_exponential.inl" />
    <None Include="jni\Helpers\glm\core\intrinsic_geometric.inl" />
    <None Include="jni\Helpers\glm\core\intrinsic_matrix.inl" />
    <None Include="jni\Helpers\glm\core\intrinsic_trigonometric.inl" />
    <None Include="jni\Helpers\glm\core\intrinsic_vector_relational.inl" />
    <None Include="jni\Helpers\glm\core\type_gentype.inl" />
    <None Include="jni\Helpers\glm\core\type_half.inl" />
    <None Include="jni\Helpers\glm\core\type_mat.inl" />
    <None Include="jni\Helpers\glm\core\type_mat2x2.inl" />
    <None Include="jni\Helpers\glm\core\type_mat2x3.inl" />
    <None Include="jni\Helpers\glm\core\type_mat2x4.inl" />
    <None Include="jni\Helpers\glm\core\type_mat3x2.inl" />
    <None Include="jni\Helpers\glm\core\type_mat3x3.inl" />
    <None Include="jni\Helpers\glm\core\type_mat3x4.inl" />
    <None Include="jni\Helpers\glm\core\type_mat4x2.inl" />
    <None Include="jni\Helpers\glm\core\type_mat4x3.inl" />
    <None Include="jni\Helpers\glm\core\type_mat4x4.inl" />
    <None Include="jni\Helpers\glm\core\type_vec.inl" />
    <None Include="jni\Helpers\glm\core\type_vec1.inl" />
    <None Include="jni\Helpers\glm\core\type_vec2.inl" />
    <None Include="jni\Helpers\glm\core\type_vec3.inl" />
    <None Include="jni\Helpers\glm\core\type_vec4.inl" />
    <None Include="jni\Helpers\glm\gtc\constants.inl" />
    <None Include="jni\Helpers\glm\gtc\epsilon.inl" />
    <None Include="jni\Helpers\glm\gtc\half_float.inl" />
    <None Include="jni\Helpers\glm\gtc\matrix_access.inl" />
    <None Include="jni\Helpers\glm\gtc\matrix_inverse.inl" />
    <None Include="jni\Helpers\glm\gtc\matrix_transform.inl" />
    <None Include="jni\Helpers\glm\gtc\noise.inl" />
    <None Include="jni\Helpers\glm\gtc\quaternion.inl" />
    <None Include="jni\Helpers\glm\gtc\random.inl" />
    <None Include="jni\Helpers\glm\gtc\reciprocal.inl" />
    <None Include="jni\Helpers\glm\gtc\swizzle.inl" />
    <None Include="jni\Helpers\glm\gtc\type_precision.inl" />
    <None Include="jni\Helpers\glm\gtc\type_ptr.inl" />
    <None Include="jni\Helpers\glm\gtc\ulp.inl" />
    <None Include="jni\Helpers\glm\gtx\associated_min_max.inl" />
    <None Include="jni\Helpers\glm\gtx\bit.inl" />
    <None Include="jni\Helpers\glm\gtx\closest_point.inl" />
    <None Include="jni\Helpers\glm\gtx\color_cast.inl" />
    <None Include="jni\Helpers\glm\gtx\color_space.inl" />
    <None Include="jni\Helpers\glm\gtx\color_space_YCoCg.inl" />
    <None Include="jni\Helpers\glm\gtx\compatibility.inl" />
    <None Include="jni\Helpers\glm\gtx\component_wise.inl" />
    <None Include="jni\Helpers\glm\gtx\euler_angles.inl" />
    <None Include="jni\Helpers\glm\gtx\extend.inl" />
    <None Include="jni\Helpers\glm\gtx\extented_min_max.inl" />
    <None Include="jni\Helpers\glm\gtx\fast_exponential.inl" />
    <None Include="jni\Helpers\glm\gtx\fast_square_root.inl" />
    <None Include="jni\Helpers\glm\gtx\fast_trigonometry.inl" />
    <None Include="jni\Helpers\glm\gtx\gradient_paint.inl" />
    <None Include="jni\Helpers\glm\gtx\handed_coordinate_space.inl" />
    <None Include="jni\Helpers\glm\gtx\inertia.inl" />
    <None Include="jni\Helpers\glm\gtx\int_10_10_10_2.inl" />
    <None Include="jni\Helpers\glm\gtx\integer.inl" />
    <None Include="jni\Helpers\glm\gtx\intersect.inl" />
    <None Include="jni\Helpers\glm\gtx\log_base.inl" />
    <None Include="jni\Helpers\glm\gtx\matrix_cross_product.inl" />
    <None Include="jni\Helpers\glm\gtx\matrix_interpolation.inl" />
    <None Include="jni\Helpers\glm\gtx\matrix_major_storage.inl" />
    <None Include="jni\Helpers\glm\gtx\matrix_operation.inl" />
    <None Include="jni\Helpers\glm\gtx\matrix_query.inl" />
    <None Include="jni\Helpers\glm\gtx\mixed_product.inl" />
    <None Include="jni\Helpers\glm\gtx\multiple.inl" />
    <None Include="jni\Helpers\glm\gtx\norm.inl" />
    <None Include="jni\Helpers\glm\gtx\normal.inl" />
    <None Include="jni\Helpers\glm\gtx\normalize_dot.inl" />
    <None Include="jni\Helpers\glm\gtx\number_precision.inl" />
    <None Include="jni\Helpers\glm\gtx\ocl_type.inl" />
    <None Include="jni\Helpers\glm\gtx\optimum_pow.inl" />
    <None Include="jni\Helpers\glm\gtx\orthonormalize.inl" />
    <None Include="jni\Helpers\glm\gtx\perpendicular.inl" />
    <None Include="jni\Helpers\glm\gtx\polar_coordinates.inl" />
    <None Include="jni\Helpers\glm\gtx\projection.inl" />
    <None Include="jni\Helpers\glm\gtx\quaternion.inl" />
    <None Include="jni\Helpers\glm\gtx\raw_data.inl" />
    <None Include="jni\Helpers\glm\gtx\rotate_vector.inl" />
    <None Include="jni\Helpers\glm\gtx\simd_mat4.inl" />
    <None Include="jni\Helpers\glm\gtx\simd_vec4.inl" />
    <None Include="jni\Helpers\glm\gtx\spline.inl" />
    <None Include="jni\Helpers\glm\gtx\std_based_type.inl" />
    <None Include="jni\Helpers\glm\gtx\string_cast.inl" />
    <None Include="jni\Helpers\glm\gtx\transform.inl" />
    <None Include="jni\Helpers\glm\gtx\transform2.inl" />
    <None Include="jni\Helpers\glm\gtx\unsigned_int.inl" />
    <None Include="jni\Helpers\glm\gtx\vec1.inl" />
    <None Include="jni\Helpers\glm\gtx\vector_access.inl" />
    <None Include="jni\Helpers\glm\gtx\vector_angle.inl" />
    <None Include="jni\Helpers\glm\gtx\vector_query.inl" />
    <None Include="jni\Helpers\glm\gtx\verbose_operator.inl" />
    <None Include="jni\Helpers\glm\gtx\wrap.inl" />
  </ItemGroup>
  <ItemGroup>
    <Text Include="jni\Helpers\glm\CMakeLists.txt" />
  </ItemGroup>
</Project>