<?xml version="1.0" encoding="utf-8"?>
<Project ToolsVersion="4.0" xmlns="http://schemas.microsoft.com/developer/msbuild/2003">
  <ItemGroup>
    <ClCompile Include="jni\Main.cpp">
      <Filter>jni</Filter>
    </ClCompile>
    <ClCompile Include="jni\Logger.cpp">
      <Filter>jni</Filter>
    </ClCompile>
    <ClCompile Include="Window.cpp" />
    <ClCompile Include="jni\SceneManaging\BaseScene.cpp" />
    <ClCompile Include="jni\SceneManaging\SceneManager.cpp" />
    <ClCompile Include="jni\TestScene.cpp" />
    <ClCompile Include="jni\MainGame.cpp" />
    <ClCompile Include="jni\TimeManager.cpp" />
  </ItemGroup>
  <ItemGroup>
    <ClInclude Include="Console.h" />
    <ClInclude Include="jni\defines.h">
      <Filter>jni</Filter>
    </ClInclude>
    <ClInclude Include="jni\Logger.h">
      <Filter>jni</Filter>
    </ClInclude>
    <ClInclude Include="Window.h" />
    <ClInclude Include="jni\SceneManaging\BaseScene.h" />
    <ClInclude Include="jni\SceneManaging\SceneManager.h" />
    <ClInclude Include="jni\TestScene.h" />
    <ClInclude Include="jni\MainGame.h" />
    <ClInclude Include="jni\TimeManager.h" />
    <ClInclude Include="jni\Context.h" />
  </ItemGroup>
  <ItemGroup>
    <Filter Include="jni">
      <UniqueIdentifier>{c18dc5b4-841b-4e7b-bd51-2dc7897152d9}</UniqueIdentifier>
    </Filter>
  </ItemGroup>
</Project>