<?xml version="1.0" encoding="utf-8"?>
<Project ToolsVersion="4.0" xmlns="http://schemas.microsoft.com/developer/msbuild/2003">
  <ItemGroup>
    <Filter Include="Source Files">
      <UniqueIdentifier>{4FC737F1-C7A5-4376-A066-2A32D752A2FF}</UniqueIdentifier>
      <Extensions>cpp;c;cc;cxx;def;odl;idl;hpj;bat;asm;asmx</Extensions>
    </Filter>
    <Filter Include="Header Files">
      <UniqueIdentifier>{93995380-89BD-4b04-88EB-625FBE52EBFB}</UniqueIdentifier>
      <Extensions>h;hpp;hxx;hm;inl;inc;xsd</Extensions>
    </Filter>
    <Filter Include="Resource Files">
      <UniqueIdentifier>{67DA6AB6-F800-4c08-8B7A-83BB121AAD01}</UniqueIdentifier>
      <Extensions>rc;ico;cur;bmp;dlg;rc2;rct;bin;rgs;gif;jpg;jpeg;jpe;resx;tiff;tif;png;wav;mfcribbon-ms</Extensions>
    </Filter>
  </ItemGroup>
  <ItemGroup>
    <ClInclude Include="Console.h">
      <Filter>Header Files</Filter>
    </ClInclude>
    <ClInclude Include="jni\TimeManager.h">
      <Filter>Header Files</Filter>
    </ClInclude>
    <ClInclude Include="jni\StarEngine.h">
      <Filter>Header Files</Filter>
    </ClInclude>
    <ClInclude Include="jni\StarComponents.h">
      <Filter>Header Files</Filter>
    </ClInclude>
    <ClInclude Include="jni\Logger.h">
      <Filter>Header Files</Filter>
    </ClInclude>
    <ClInclude Include="jni\defines.h">
      <Filter>Header Files</Filter>
    </ClInclude>
    <ClInclude Include="jni\Context.h">
      <Filter>Header Files</Filter>
    </ClInclude>
    <ClInclude Include="jni\Components\BaseComponent.h">
      <Filter>Header Files</Filter>
    </ClInclude>
    <ClInclude Include="jni\Components\TransformComponent.h">
      <Filter>Header Files</Filter>
    </ClInclude>
    <ClInclude Include="jni\Input\InputManager.h">
      <Filter>Header Files</Filter>
    </ClInclude>
    <ClInclude Include="jni\Input\XMLContainer.h">
      <Filter>Header Files</Filter>
    </ClInclude>
    <ClInclude Include="jni\Input\XMLFileParser.h">
      <Filter>Header Files</Filter>
    </ClInclude>
    <ClInclude Include="jni\Input\XMLFileSerializer.h">
      <Filter>Header Files</Filter>
    </ClInclude>
    <ClInclude Include="jni\Helpers\Dictionary.h">
      <Filter>Header Files</Filter>
    </ClInclude>
    <ClInclude Include="jni\Helpers\Filepath.h">
      <Filter>Header Files</Filter>
    </ClInclude>
    <ClInclude Include="jni\Helpers\FPS.h">
      <Filter>Header Files</Filter>
    </ClInclude>
    <ClInclude Include="jni\Helpers\Helpers.h">
      <Filter>Header Files</Filter>
    </ClInclude>
    <ClInclude Include="jni\Helpers\Rect.h">
      <Filter>Header Files</Filter>
    </ClInclude>
    <ClInclude Include="jni\Helpers\State.h">
      <Filter>Header Files</Filter>
    </ClInclude>
    <ClInclude Include="jni\Helpers\StateManager.h">
      <Filter>Header Files</Filter>
    </ClInclude>
    <ClInclude Include="jni\Helpers\Stopwatch.h">
      <Filter>Header Files</Filter>
    </ClInclude>
    <ClInclude Include="jni\Helpers\Timer.h">
      <Filter>Header Files</Filter>
    </ClInclude>
    <ClInclude Include="jni\Helpers\FPS.h">
      <Filter>Header Files</Filter>
    </ClInclude>
    <ClInclude Include="jni\Helpers\SpriteAnimation.h">
      <Filter>Header Files</Filter>
    </ClInclude>
    <ClInclude Include="jni\Helpers\Spritesheet.h">
      <Filter>Header Files</Filter>
    </ClInclude>
    <ClInclude Include="jni\Components\CameraComponent.h">
      <Filter>Header Files</Filter>
    </ClInclude>
    <ClInclude Include="jni\Input\Gestures\BaseGesture.h">
      <Filter>Header Files</Filter>
    </ClInclude>
    <ClInclude Include="jni\Input\Gestures\DoubleTapGesture.h">
      <Filter>Header Files</Filter>
    </ClInclude>
    <ClInclude Include="jni\Input\Gestures\GestureManager.h">
      <Filter>Header Files</Filter>
    </ClInclude>
    <ClInclude Include="jni\Input\Gestures\SwipeGesture.h">
      <Filter>Header Files</Filter>
    </ClInclude>
    <ClInclude Include="jni\Input\Gestures\TapGesture.h">
      <Filter>Header Files</Filter>
    </ClInclude>
    <ClInclude Include="jni\Objects\FreeCamera.h">
      <Filter>Header Files</Filter>
    </ClInclude>
    <ClInclude Include="jni\Sound\SoundEffect.h">
      <Filter>Header Files</Filter>
    </ClInclude>
    <ClInclude Include="jni\Sound\SoundFile.h">
      <Filter>Header Files</Filter>
    </ClInclude>
    <ClInclude Include="jni\BaseGame.h">
      <Filter>Header Files</Filter>
    </ClInclude>
    <ClInclude Include="jni\EventLoop.h">
      <Filter>Header Files</Filter>
    </ClInclude>
    <ClInclude Include="jni\defines2D.h">
      <Filter>Header Files</Filter>
    </ClInclude>
    <ClInclude Include="jni\Helpers\2D\pos.h">
      <Filter>Header Files</Filter>
    </ClInclude>
    <ClInclude Include="Window.h">
      <Filter>Header Files</Filter>
    </ClInclude>
    <ClInclude Include="jni\Scenes\BaseScene.h">
      <Filter>Header Files</Filter>
    </ClInclude>
    <ClInclude Include="jni\Scenes\SceneManager.h">
      <Filter>Header Files</Filter>
    </ClInclude>
    <ClInclude Include="jni\Scenes\TiledScene.h">
      <Filter>Header Files</Filter>
    </ClInclude>
    <ClInclude Include="jni\Physics\Collision\CollisionManager.h">
      <Filter>Header Files</Filter>
    </ClInclude>
    <ClInclude Include="jni\AI\Pathfinding\PathFindManager.h">
      <Filter>Header Files</Filter>
    </ClInclude>
    <ClInclude Include="jni\AI\Pathfinding\SearchCell.h">
      <Filter>Header Files</Filter>
    </ClInclude>
    <ClInclude Include="jni\Components\Graphics\SpriteComponent.h">
      <Filter>Header Files</Filter>
    </ClInclude>
    <ClInclude Include="jni\Components\Graphics\SpritesheetComponent.h">
      <Filter>Header Files</Filter>
    </ClInclude>
    <ClInclude Include="jni\Components\Physics\RectangleColliderComponent.h">
      <Filter>Header Files</Filter>
    </ClInclude>
    <ClInclude Include="jni\Components\Physics\CircleColliderComponent.h">
      <Filter>Header Files</Filter>
    </ClInclude>
    <ClInclude Include="jni\Components\AI\PathFindNodeComponent.h">
      <Filter>Header Files</Filter>
    </ClInclude>
    <ClInclude Include="jni\Objects\Object.h">
      <Filter>Header Files</Filter>
    </ClInclude>
    <ClInclude Include="jni\Graphics\SpriteAnimationManager.h">
      <Filter>Header Files</Filter>
    </ClInclude>
    <ClInclude Include="jni\Graphics\Shader.h">
      <Filter>Header Files</Filter>
    </ClInclude>
    <ClInclude Include="jni\Graphics\GraphicsManager.h">
      <Filter>Header Files</Filter>
    </ClInclude>
    <ClInclude Include="jni\Graphics\UI\UIDock.h">
      <Filter>Header Files</Filter>
    </ClInclude>
    <ClInclude Include="jni\Graphics\UI\UIUserElement.h">
      <Filter>Header Files</Filter>
    </ClInclude>
    <ClInclude Include="jni\Graphics\SpriteBatch.h">
      <Filter>Header Files</Filter>
    </ClInclude>
    <ClInclude Include="jni\Assets\Texture2D.h">
      <Filter>Header Files</Filter>
    </ClInclude>
    <ClInclude Include="jni\Assets\TextureManager.h">
      <Filter>Header Files</Filter>
    </ClInclude>
    <ClInclude Include="jni\Assets\Texture2D.h">
      <Filter>Header Files</Filter>
    </ClInclude>
    <ClInclude Include="jni\Assets\Font.h">
      <Filter>Header Files</Filter>
    </ClInclude>
    <ClInclude Include="jni\Assets\FontManager.h">
      <Filter>Header Files</Filter>
    </ClInclude>
    <ClInclude Include="resource.h">
      <Filter>Header Files</Filter>
    </ClInclude>
    <ClInclude Include="jni\definesWindows.h">
      <Filter>Header Files</Filter>
    </ClInclude>
    <ClInclude Include="jni\definesAndroid.h">
      <Filter>Header Files</Filter>
    </ClInclude>
    <ClInclude Include="jni\Graphics\ScaleSystem.h">
      <Filter>Header Files</Filter>
    </ClInclude>
    <ClInclude Include="jni\Graphics\Color.h">
      <Filter>Header Files</Filter>
    </ClInclude>
    <ClInclude Include="jni\Components\Graphics\TextComponent.h">
      <Filter>Header Files</Filter>
    </ClInclude>
    <ClInclude Include="jni\Objects\BaseCamera.h">
      <Filter>Header Files</Filter>
    </ClInclude>
    <ClInclude Include="jni\Components\Physics\BaseColliderComponent.h">
      <Filter>Header Files</Filter>
    </ClInclude>
    <ClInclude Include="jni\Helpers\AARect.h">
      <Filter>Header Files</Filter>
    </ClInclude>
    <ClInclude Include="jni\Helpers\glm\gtx\verbose_operator.hpp">
      <Filter>Header Files</Filter>
    </ClInclude>
    <ClInclude Include="jni\Scenes\LoadScreen.h">
      <Filter>Header Files</Filter>
    </ClInclude>
    <ClInclude Include="jni\Helpers\SerializedData.h">
      <Filter>Header Files</Filter>
    </ClInclude>
    <ClInclude Include="jni\Helpers\Debug\DebugDraw.h">
      <Filter>Header Files</Filter>
    </ClInclude>
    <ClInclude Include="jni\Helpers\HelpersAndroid.h">
      <Filter>Header Files</Filter>
    </ClInclude>
    <ClInclude Include="jni\Helpers\HelpersCrossplatform.h">
      <Filter>Header Files</Filter>
    </ClInclude>
    <ClInclude Include="jni\definesTypes.h">
      <Filter>Header Files</Filter>
    </ClInclude>
    <ClInclude Include="jni\Sound\BaseSound.h">
      <Filter>Header Files</Filter>
    </ClInclude>
    <ClInclude Include="jni\Sound\AudioManager.h">
      <Filter>Header Files</Filter>
    </ClInclude>
    <ClInclude Include="jni\definesMath.h">
      <Filter>Header Files</Filter>
    </ClInclude>
    <ClInclude Include="jni\Helpers\Math.h">
      <Filter>Header Files</Filter>
    </ClInclude>
    <ClInclude Include="jni\Graphics\UI\UIElement.h">
      <Filter>Header Files</Filter>
    </ClInclude>
    <ClInclude Include="jni\Graphics\UI\UIButton.h">
      <Filter>Header Files</Filter>
    </ClInclude>
    <ClInclude Include="jni\Helpers\HashTag.h">
      <Filter>Header Files</Filter>
    </ClInclude>
    <ClInclude Include="jni\Graphics\UI\UIObject.h">
      <Filter>Header Files</Filter>
    </ClInclude>
    <ClInclude Include="jni\Graphics\UI\UITextField.h">
      <Filter>Header Files</Filter>
    </ClInclude>
    <ClInclude Include="jni\Graphics\UI\UIImage.h">
      <Filter>Header Files</Filter>
    </ClInclude>
    <ClInclude Include="jni\Graphics\UI\Index.h">
      <Filter>Header Files</Filter>
    </ClInclude>
    <ClInclude Include="jni\Components\Physics\index.h">
      <Filter>Header Files</Filter>
    </ClInclude>
    <ClInclude Include="jni\Components\AI\index.h">
      <Filter>Header Files</Filter>
    </ClInclude>
    <ClInclude Include="jni\Input\XMLIndex.h">
      <Filter>Header Files</Filter>
    </ClInclude>
    <ClInclude Include="jni\Input\Gestures\Index.h">
      <Filter>Header Files</Filter>
    </ClInclude>
    <ClInclude Include="jni\Input\Index.h">
      <Filter>Header Files</Filter>
    </ClInclude>
    <ClInclude Include="jni\Graphics\UI\UIAnimatedImage.h">
      <Filter>Header Files</Filter>
    </ClInclude>
    <ClInclude Include="jni\Graphics\UI\UIAnimatedButton.h">
      <Filter>Header Files</Filter>
    </ClInclude>
    <ClInclude Include="jni\Graphics\UI\UIStaticButton.h">
      <Filter>Header Files</Filter>
    </ClInclude>
    <ClInclude Include="jni\Graphics\UI\UITextButton.h">
      <Filter>Header Files</Filter>
    </ClInclude>
    <ClInclude Include="jni\Graphics\UI\UIAnimatedTextButton.h">
      <Filter>Header Files</Filter>
    </ClInclude>
    <ClInclude Include="jni\Graphics\UI\UIStaticTextButton.h">
      <Filter>Header Files</Filter>
    </ClInclude>
    <ClInclude Include="jni\Graphics\UI\UISimpleTextButton.h">
      <Filter>Header Files</Filter>
    </ClInclude>
    <ClInclude Include="jni\Graphics\UI\UICursor.h">
      <Filter>Header Files</Filter>
    </ClInclude>
    <ClInclude Include="jni\Graphics\UI\UISlider.h">
      <Filter>Header Files</Filter>
    </ClInclude>
    <ClInclude Include="jni\Graphics\UI\UIBaseCursor.h">
      <Filter>Header Files</Filter>
    </ClInclude>
    <ClInclude Include="jni\Entity.h">
      <Filter>Header Files</Filter>
    </ClInclude>
    <ClInclude Include="jni\Actions\Action.h">
      <Filter>Header Files</Filter>
    </ClInclude>
    <ClInclude Include="jni\Actions\TimedAction.h">
      <Filter>Header Files</Filter>
    </ClInclude>
    <ClInclude Include="jni\Actions\DelayedAction.h">
      <Filter>Header Files</Filter>
    </ClInclude>
    <ClInclude Include="jni\Actions\LoopedAction.h">
      <Filter>Header Files</Filter>
    </ClInclude>
    <ClInclude Include="jni\Actions\TimedMoveAction.h">
      <Filter>Header Files</Filter>
    </ClInclude>
    <ClInclude Include="jni\Actions\TimedFadeAction.h">
      <Filter>Header Files</Filter>
    </ClInclude>
    <ClInclude Include="jni\Actions\Index.h">
      <Filter>Header Files</Filter>
    </ClInclude>
    <ClInclude Include="jni\Scenes\SlideScene.h">
      <Filter>Header Files</Filter>
    </ClInclude>
    <ClInclude Include="jni\Scenes\SplashScreen.h">
      <Filter>Header Files</Filter>
    </ClInclude>
    <ClInclude Include="jni\Actions\ScaleAction.h">
      <Filter>Header Files</Filter>
    </ClInclude>
  </ItemGroup>
  <ItemGroup>
    <ClCompile Include="jni\TimeManager.cpp">
      <Filter>Source Files</Filter>
    </ClCompile>
    <ClCompile Include="jni\StarEngine.cpp">
      <Filter>Source Files</Filter>
    </ClCompile>
    <ClCompile Include="jni\Logger.cpp">
      <Filter>Source Files</Filter>
    </ClCompile>
    <ClCompile Include="jni\Components\BaseComponent.cpp">
      <Filter>Source Files</Filter>
    </ClCompile>
    <ClCompile Include="jni\Components\TransformComponent.cpp">
      <Filter>Source Files</Filter>
    </ClCompile>
    <ClCompile Include="jni\Input\InputManager.cpp">
      <Filter>Source Files</Filter>
    </ClCompile>
    <ClCompile Include="jni\Input\XMLContainer.cpp">
      <Filter>Source Files</Filter>
    </ClCompile>
    <ClCompile Include="jni\Input\XMLFileParser.cpp">
      <Filter>Source Files</Filter>
    </ClCompile>
    <ClCompile Include="jni\Input\XMLFileSerializer.cpp">
      <Filter>Source Files</Filter>
    </ClCompile>
    <ClCompile Include="jni\Objects\FreeCamera.cpp">
      <Filter>Source Files</Filter>
    </ClCompile>
    <ClCompile Include="jni\Helpers\Dictionary.cpp">
      <Filter>Source Files</Filter>
    </ClCompile>
    <ClCompile Include="jni\Helpers\Filepath.cpp">
      <Filter>Source Files</Filter>
    </ClCompile>
    <ClCompile Include="jni\Helpers\FPS.cpp">
      <Filter>Source Files</Filter>
    </ClCompile>
    <ClCompile Include="jni\Helpers\Helpers.cpp">
      <Filter>Source Files</Filter>
    </ClCompile>
    <ClCompile Include="jni\Helpers\StateManager.cpp">
      <Filter>Source Files</Filter>
    </ClCompile>
    <ClCompile Include="jni\Helpers\Stopwatch.cpp">
      <Filter>Source Files</Filter>
    </ClCompile>
    <ClCompile Include="jni\Helpers\Timer.cpp">
      <Filter>Source Files</Filter>
    </ClCompile>
    <ClCompile Include="jni\Helpers\FPS.cpp">
      <Filter>Source Files</Filter>
    </ClCompile>
    <ClCompile Include="jni\Helpers\SpriteAnimation.cpp">
      <Filter>Source Files</Filter>
    </ClCompile>
    <ClCompile Include="jni\Helpers\Spritesheet.cpp">
      <Filter>Source Files</Filter>
    </ClCompile>
    <ClCompile Include="jni\Components\CameraComponent.cpp">
      <Filter>Source Files</Filter>
    </ClCompile>
    <ClCompile Include="jni\Input\Gestures\BaseGesture.cpp">
      <Filter>Source Files</Filter>
    </ClCompile>
    <ClCompile Include="jni\Input\Gestures\DoubleTapGesture.cpp">
      <Filter>Source Files</Filter>
    </ClCompile>
    <ClCompile Include="jni\Input\Gestures\GestureManager.cpp">
      <Filter>Source Files</Filter>
    </ClCompile>
    <ClCompile Include="jni\Input\Gestures\SwipeGesture.cpp">
      <Filter>Source Files</Filter>
    </ClCompile>
    <ClCompile Include="jni\Input\Gestures\TapGesture.cpp">
      <Filter>Source Files</Filter>
    </ClCompile>
    <ClCompile Include="jni\Sound\SoundEffect.cpp">
      <Filter>Source Files</Filter>
    </ClCompile>
    <ClCompile Include="jni\Sound\SoundFile.cpp">
      <Filter>Source Files</Filter>
    </ClCompile>
    <ClCompile Include="jni\EventLoop.cpp">
      <Filter>Source Files</Filter>
    </ClCompile>
    <ClCompile Include="jni\Helpers\Rect.cpp">
      <Filter>Source Files</Filter>
    </ClCompile>
    <ClCompile Include="jni\Helpers\2D\pos.cpp">
      <Filter>Source Files</Filter>
    </ClCompile>
    <ClCompile Include="jni\Helpers\State.cpp">
      <Filter>Source Files</Filter>
    </ClCompile>
    <ClCompile Include="Console.cpp">
      <Filter>Source Files</Filter>
    </ClCompile>
    <ClCompile Include="Window.cpp">
      <Filter>Source Files</Filter>
    </ClCompile>
    <ClCompile Include="jni\Scenes\BaseScene.cpp">
      <Filter>Source Files</Filter>
    </ClCompile>
    <ClCompile Include="jni\Scenes\SceneManager.cpp">
      <Filter>Source Files</Filter>
    </ClCompile>
    <ClCompile Include="jni\Scenes\TiledScene.cpp">
      <Filter>Source Files</Filter>
    </ClCompile>
    <ClCompile Include="jni\Physics\Collision\CollisionManager.cpp">
      <Filter>Source Files</Filter>
    </ClCompile>
    <ClCompile Include="jni\AI\Pathfinding\PathFindManager.cpp">
      <Filter>Source Files</Filter>
    </ClCompile>
    <ClCompile Include="jni\AI\Pathfinding\SearchCell.cpp">
      <Filter>Source Files</Filter>
    </ClCompile>
    <ClCompile Include="jni\Components\Graphics\SpriteComponent.cpp">
      <Filter>Source Files</Filter>
    </ClCompile>
    <ClCompile Include="jni\Components\Graphics\SpritesheetComponent.cpp">
      <Filter>Source Files</Filter>
    </ClCompile>
    <ClCompile Include="jni\Components\Physics\CircleColliderComponent.cpp">
      <Filter>Source Files</Filter>
    </ClCompile>
    <ClCompile Include="jni\Components\Physics\RectangleColliderComponent.cpp">
      <Filter>Source Files</Filter>
    </ClCompile>
    <ClCompile Include="jni\Components\AI\PathFindNodeComponent.cpp">
      <Filter>Source Files</Filter>
    </ClCompile>
    <ClCompile Include="jni\Objects\Object.cpp">
      <Filter>Source Files</Filter>
    </ClCompile>
    <ClCompile Include="jni\Graphics\SpriteAnimationManager.cpp">
      <Filter>Source Files</Filter>
    </ClCompile>
    <ClCompile Include="jni\Graphics\Shader.cpp">
      <Filter>Source Files</Filter>
    </ClCompile>
    <ClCompile Include="jni\Graphics\GraphicsManager.cpp">
      <Filter>Source Files</Filter>
    </ClCompile>
    <ClCompile Include="jni\Graphics\UI\UIDock.cpp">
      <Filter>Source Files</Filter>
    </ClCompile>
    <ClCompile Include="jni\Graphics\UI\UIUserElement.cpp">
      <Filter>Source Files</Filter>
    </ClCompile>
    <ClCompile Include="jni\Graphics\SpriteBatch.cpp">
      <Filter>Source Files</Filter>
    </ClCompile>
    <ClCompile Include="jni\Assets\Texture2D.cpp">
      <Filter>Source Files</Filter>
    </ClCompile>
    <ClCompile Include="jni\Assets\TextureManager.cpp">
      <Filter>Source Files</Filter>
    </ClCompile>
    <ClCompile Include="jni\Assets\Texture2D.cpp">
      <Filter>Source Files</Filter>
    </ClCompile>
    <ClCompile Include="jni\Assets\TextureManager.cpp">
      <Filter>Source Files</Filter>
    </ClCompile>
    <ClCompile Include="jni\Assets\Font.cpp">
      <Filter>Source Files</Filter>
    </ClCompile>
    <ClCompile Include="jni\Assets\FontManager.cpp">
      <Filter>Source Files</Filter>
    </ClCompile>
    <ClCompile Include="jni\Graphics\ScaleSystem.cpp">
      <Filter>Source Files</Filter>
    </ClCompile>
    <ClCompile Include="jni\Graphics\Color.cpp">
      <Filter>Source Files</Filter>
    </ClCompile>
    <ClCompile Include="jni\Components\Graphics\TextComponent.cpp">
      <Filter>Source Files</Filter>
    </ClCompile>
    <ClCompile Include="jni\Objects\BaseCamera.cpp">
      <Filter>Source Files</Filter>
    </ClCompile>
    <ClCompile Include="jni\Components\Physics\BaseColliderComponent.cpp">
      <Filter>Source Files</Filter>
    </ClCompile>
    <ClCompile Include="jni\Helpers\AARect.cpp">
      <Filter>Source Files</Filter>
    </ClCompile>
    <ClCompile Include="jni\Scenes\LoadScreen.cpp">
      <Filter>Source Files</Filter>
    </ClCompile>
    <ClCompile Include="jni\Helpers\SerializedData.cpp">
      <Filter>Source Files</Filter>
    </ClCompile>
    <ClCompile Include="jni\Helpers\Debug\DebugDraw.cpp">
      <Filter>Source Files</Filter>
    </ClCompile>
    <ClCompile Include="jni\Helpers\HelpersAndroid.cpp">
      <Filter>Source Files</Filter>
    </ClCompile>
    <ClCompile Include="jni\Helpers\HelpersCrossplatform.cpp">
      <Filter>Source Files</Filter>
    </ClCompile>
    <ClCompile Include="jni\Sound\BaseSound.cpp">
      <Filter>Source Files</Filter>
    </ClCompile>
    <ClCompile Include="jni\Sound\AudioManager.cpp">
      <Filter>Source Files</Filter>
    </ClCompile>
    <ClCompile Include="jni\Helpers\Math.cpp">
      <Filter>Source Files</Filter>
    </ClCompile>
    <ClCompile Include="jni\Graphics\UI\UIElement.cpp">
      <Filter>Source Files</Filter>
    </ClCompile>
    <ClCompile Include="jni\Graphics\UI\UIButton.cpp">
      <Filter>Source Files</Filter>
    </ClCompile>
    <ClCompile Include="jni\Helpers\HashTag.cpp">
      <Filter>Source Files</Filter>
    </ClCompile>
    <ClCompile Include="jni\Graphics\UI\UIObject.cpp">
      <Filter>Source Files</Filter>
    </ClCompile>
    <ClCompile Include="jni\Graphics\UI\UITextField.cpp">
      <Filter>Source Files</Filter>
    </ClCompile>
    <ClCompile Include="jni\Graphics\UI\UIImage.cpp">
      <Filter>Source Files</Filter>
    </ClCompile>
    <ClCompile Include="jni\Graphics\UI\UIAnimatedImage.cpp">
      <Filter>Source Files</Filter>
    </ClCompile>
    <ClCompile Include="jni\Graphics\UI\UIAnimatedButton.cpp">
      <Filter>Source Files</Filter>
    </ClCompile>
    <ClCompile Include="jni\Graphics\UI\UIStaticButton.cpp">
      <Filter>Source Files</Filter>
    </ClCompile>
    <ClCompile Include="jni\Graphics\UI\UITextButton.cpp">
      <Filter>Source Files</Filter>
    </ClCompile>
    <ClCompile Include="jni\Graphics\UI\UIAnimatedTextButton.cpp">
      <Filter>Source Files</Filter>
    </ClCompile>
    <ClCompile Include="jni\Graphics\UI\UIStaticTextButton.cpp">
      <Filter>Source Files</Filter>
    </ClCompile>
    <ClCompile Include="jni\Graphics\UI\UISimpleTextButton.cpp">
      <Filter>Source Files</Filter>
    </ClCompile>
    <ClCompile Include="jni\Graphics\UI\UICursor.cpp">
      <Filter>Source Files</Filter>
    </ClCompile>
    <ClCompile Include="jni\Graphics\UI\UISlider.cpp">
      <Filter>Source Files</Filter>
    </ClCompile>
    <ClCompile Include="jni\Graphics\UI\UIBaseCursor.cpp">
      <Filter>Source Files</Filter>
    </ClCompile>
    <ClCompile Include="jni\Entity.cpp">
      <Filter>Source Files</Filter>
    </ClCompile>
    <ClCompile Include="jni\Actions\Action.cpp">
      <Filter>Source Files</Filter>
    </ClCompile>
    <ClCompile Include="jni\Actions\TimedAction.cpp">
      <Filter>Source Files</Filter>
    </ClCompile>
    <ClCompile Include="jni\Actions\DelayedAction.cpp">
      <Filter>Source Files</Filter>
    </ClCompile>
    <ClCompile Include="jni\Actions\TimedMoveAction.cpp">
      <Filter>Source Files</Filter>
    </ClCompile>
    <ClCompile Include="jni\Actions\LoopedAction.cpp">
      <Filter>Source Files</Filter>
    </ClCompile>
    <ClCompile Include="jni\Actions\TimedFadeAction.cpp">
      <Filter>Source Files</Filter>
    </ClCompile>
    <ClCompile Include="jni\Scenes\SlideScene.cpp">
      <Filter>Source Files</Filter>
    </ClCompile>
    <ClCompile Include="jni\Scenes\SplashScreen.cpp">
      <Filter>Source Files</Filter>
    </ClCompile>
    <ClCompile Include="jni\Actions\ScaleAction.cpp">
      <Filter>Source Files</Filter>
    </ClCompile>
  </ItemGroup>
  <ItemGroup>
    <None Include="jni\Helpers\Math.inl">
      <Filter>Header Files</Filter>
    </None>
    <None Include="jni\Helpers\Helpers.inl">
      <Filter>Header Files</Filter>
    </None>
    <None Include="jni\Graphics\Color.inl">
      <Filter>Header Files</Filter>
    </None>
    <None Include="jni\Objects\Object.inl">
      <Filter>Header Files</Filter>
    </None>
    <None Include="jni\Scenes\BaseScene.inl">
      <Filter>Header Files</Filter>
    </None>
    <None Include="jni\Helpers\Dictionary.inl">
      <Filter>Header Files</Filter>
    </None>
    <None Include="jni\Scenes\SceneManager.inl">
      <Filter>Header Files</Filter>
    </None>
  </ItemGroup>
</Project>