
Microsoft Visual Studio Solution File, Format Version 12.00
# Visual Studio 2012
Project("{8BC9CEB8-8B4A-11D0-8D11-00A0C91BC942}") = "StarEngine", "StarEngine.vcxproj", "{CAF64C4E-81D5-4B65-938A-68B752575367}"
EndProject
Global
	GlobalSection(SolutionConfigurationPlatforms) = preSolution
		Debug|Win32 = Debug|Win32
		Release|Win32 = Release|Win32
	EndGlobalSection
	GlobalSection(ProjectConfigurationPlatforms) = postSolution
		{CAF64C4E-81D5-4B65-938A-68B752575367}.Debug|Win32.ActiveCfg = Debug|Win32
		{CAF64C4E-81D5-4B65-938A-68B752575367}.Debug|Win32.Build.0 = Debug|Win32
		{CAF64C4E-81D5-4B65-938A-68B752575367}.Release|Win32.ActiveCfg = Release|Win32
		{CAF64C4E-81D5-4B65-938A-68B752575367}.Release|Win32.Build.0 = Release|Win32
	EndGlobalSection
	GlobalSection(SolutionProperties) = preSolution
		HideSolutionNode = FALSE
	EndGlobalSection
EndGlobal
